
Microsoft Visual Studio Solution File, Format Version 12.00
# Visual Studio 15
VisualStudioVersion = 15.0.33919.361
MinimumVisualStudioVersion = 10.0.40219.1
Project("{E24C65DC-7377-472B-9ABA-BC803B73C61A}") = "EMB Recording", "EMB Recording\", "{EC21E785-7255-4E3A-8947-AC0464CC967D}"
	ProjectSection(WebsiteProperties) = preProject
		TargetFrameworkMoniker = ".NETFramework,Version%3Dv4.6.1"
		Debug.AspNetCompiler.VirtualPath = "/localhost_50752"
		Debug.AspNetCompiler.PhysicalPath = "EMB Recording\"
		Debug.AspNetCompiler.TargetPath = "PrecompiledWeb\localhost_50752\"
		Debug.AspNetCompiler.Updateable = "true"
		Debug.AspNetCompiler.ForceOverwrite = "true"
		Debug.AspNetCompiler.FixedNames = "false"
		Debug.AspNetCompiler.Debug = "True"
		Release.AspNetCompiler.VirtualPath = "/localhost_50752"
		Release.AspNetCompiler.PhysicalPath = "EMB Recording\"
		Release.AspNetCompiler.TargetPath = "PrecompiledWeb\localhost_50752\"
		Release.AspNetCompiler.Updateable = "true"
		Release.AspNetCompiler.ForceOverwrite = "true"
		Release.AspNetCompiler.FixedNames = "false"
		Release.AspNetCompiler.Debug = "False"
		VWDPort = "50752"
		SlnRelativePath = "EMB Recording\"
		DefaultWebSiteLanguage = "Visual C#"
	EndProjectSection
EndProject
Global
	GlobalSection(SolutionConfigurationPlatforms) = preSolution
		Debug|Any CPU = Debug|Any CPU
	EndGlobalSection
	GlobalSection(ProjectConfigurationPlatforms) = postSolution
		{EC21E785-7255-4E3A-8947-AC0464CC967D}.Debug|Any CPU.ActiveCfg = Debug|Any CPU
		{EC21E785-7255-4E3A-8947-AC0464CC967D}.Debug|Any CPU.Build.0 = Debug|Any CPU
	EndGlobalSection
	GlobalSection(SolutionProperties) = preSolution
		HideSolutionNode = FALSE
	EndGlobalSection
	GlobalSection(ExtensibilityGlobals) = postSolution
		SolutionGuid = {A9E7DEAD-1768-4841-AA4B-555EC00B1FA2}
	EndGlobalSection
EndGlobal
